
Microsoft Visual Studio Solution File, Format Version 12.00
# Visual Studio 15
VisualStudioVersion = 15.0.28010.2041
MinimumVisualStudioVersion = 10.0.40219.1
Project("{FAE04EC0-301F-11D3-BF4B-00C04F79EFBC}") = "Pharmacy Manager", "Pharmacy Manager\Pharmacy Manager.csproj", "{594E8F1F-1B1A-4F51-AD4C-32455549AA83}"
EndProject
Global
	GlobalSection(SolutionConfigurationPlatforms) = preSolution
		Debug|Any CPU = Debug|Any CPU
		Release|Any CPU = Release|Any CPU
	EndGlobalSection
	GlobalSection(ProjectConfigurationPlatforms) = postSolution
		{594E8F1F-1B1A-4F51-AD4C-32455549AA83}.Debug|Any CPU.ActiveCfg = Debug|Any CPU
		{594E8F1F-1B1A-4F51-AD4C-32455549AA83}.Debug|Any CPU.Build.0 = Debug|Any CPU
		{594E8F1F-1B1A-4F51-AD4C-32455549AA83}.Release|Any CPU.ActiveCfg = Release|Any CPU
		{594E8F1F-1B1A-4F51-AD4C-32455549AA83}.Release|Any CPU.Build.0 = Release|Any CPU
	EndGlobalSection
	GlobalSection(SolutionProperties) = preSolution
		HideSolutionNode = FALSE
	EndGlobalSection
	GlobalSection(ExtensibilityGlobals) = postSolution
		SolutionGuid = {5549942D-6D1E-4F49-9500-99D38022E418}
	EndGlobalSection
EndGlobal
